// !$*UTF8*$!
{
	archiveVersion = 1;
	classes = {
	};
	objectVersion = 46;
	objects = {

/* Begin PBXBuildFile section */
		390EA1111E3F79C3008A4DCE /* main.m in Sources */ = {isa = PBXBuildFile; fileRef = 390EA1101E3F79C3008A4DCE /* main.m */; };
		390EA1141E3F79C3008A4DCE /* AppDelegate.m in Sources */ = {isa = PBXBuildFile; fileRef = 390EA1131E3F79C3008A4DCE /* AppDelegate.m */; };
		390EA1171E3F79C3008A4DCE /* ViewController.m in Sources */ = {isa = PBXBuildFile; fileRef = 390EA1161E3F79C3008A4DCE /* ViewController.m */; };
		390EA11A1E3F79C3008A4DCE /* Main.storyboard in Resources */ = {isa = PBXBuildFile; fileRef = 390EA1181E3F79C3008A4DCE /* Main.storyboard */; };
		390EA11C1E3F79C3008A4DCE /* Assets.xcassets in Resources */ = {isa = PBXBuildFile; fileRef = 390EA11B1E3F79C3008A4DCE /* Assets.xcassets */; };
		390EA11F1E3F79C3008A4DCE /* LaunchScreen.storyboard in Resources */ = {isa = PBXBuildFile; fileRef = 390EA11D1E3F79C3008A4DCE /* LaunchScreen.storyboard */; };
/* End PBXBuildFile section */

/* Begin PBXFileReference section */
		390EA10C1E3F79C3008A4DCE /* DemoProject.app */ = {isa = PBXFileReference; explicitFileType = wrapper.application; includeInIndex = 0; path = DemoProject.app; sourceTree = BUILT_PRODUCTS_DIR; };
		390EA1101E3F79C3008A4DCE /* main.m */ = {isa = PBXFileReference; lastKnownFileType = sourcecode.c.objc; path = main.m; sourceTree = "<group>"; };
		390EA1121E3F79C3008A4DCE /* AppDelegate.h */ = {isa = PBXFileReference; lastKnownFileType = sourcecode.c.h; path = AppDelegate.h; sourceTree = "<group>"; };
		390EA1131E3F79C3008A4DCE /* AppDelegate.m */ = {isa = PBXFileReference; lastKnownFileType = sourcecode.c.objc; path = AppDelegate.m; sourceTree = "<group>"; };
		390EA1151E3F79C3008A4DCE /* ViewController.h */ = {isa = PBXFileReference; lastKnownFileType = sourcecode.c.h; path = ViewController.h; sourceTree = "<group>"; };
		390EA1161E3F79C3008A4DCE /* ViewController.m */ = {isa = PBXFileReference; lastKnownFileType = sourcecode.c.objc; path = ViewController.m; sourceTree = "<group>"; };
		390EA1191E3F79C3008A4DCE /* Base */ = {isa = PBXFileReference; lastKnownFileType = file.storyboard; name = Base; path = Base.lproj/Main.storyboard; sourceTree = "<group>"; };
		390EA11B1E3F79C3008A4DCE /* Assets.xcassets */ = {isa = PBXFileReference; lastKnownFileType = folder.assetcatalog; path = Assets.xcassets; sourceTree = "<group>"; };
		390EA11E1E3F79C3008A4DCE /* Base */ = {isa = PBXFileReference; lastKnownFileType = file.storyboard; name = Base; path = Base.lproj/LaunchScreen.storyboard; sourceTree = "<group>"; };
		390EA1201E3F79C3008A4DCE /* Info.plist */ = {isa = PBXFileReference; lastKnownFileType = text.plist.xml; path = Info.plist; sourceTree = "<group>"; };
/* End PBXFileReference section */

/* Begin PBXFrameworksBuildPhase section */
		390EA1091E3F79C3008A4DCE /* Frameworks */ = {
			isa = PBXFrameworksBuildPhase;
			buildActionMask = 2147483647;
			files = (
			);
			runOnlyForDeploymentPostprocessing = 0;
		};
/* End PBXFrameworksBuildPhase section */

/* Begin PBXGroup section */
		390EA1031E3F79C3008A4DCE = {
			isa = PBXGroup;
			children = (
				390EA10E1E3F79C3008A4DCE /* DemoProject */,
				390EA10D1E3F79C3008A4DCE /* Products */,
			);
			sourceTree = "<group>";
		};
		390EA10D1E3F79C3008A4DCE /* Products */ = {
			isa = PBXGroup;
			children = (
				390EA10C1E3F79C3008A4DCE /* DemoProject.app */,
			);
			name = Products;
			sourceTree = "<group>";
		};
		390EA10E1E3F79C3008A4DCE /* DemoProject */ = {
			isa = PBXGroup;
			children = (
				390EA1121E3F79C3008A4DCE /* AppDelegate.h */,
				390EA1131E3F79C3008A4DCE /* AppDelegate.m */,
				390EA1151E3F79C3008A4DCE /* ViewController.h */,
				390EA1161E3F79C3008A4DCE /* ViewController.m */,
				390EA1181E3F79C3008A4DCE /* Main.storyboard */,
				390EA11B1E3F79C3008A4DCE /* Assets.xcassets */,
				390EA11D1E3F79C3008A4DCE /* LaunchScreen.storyboard */,
				390EA1201E3F79C3008A4DCE /* Info.plist */,
				390EA10F1E3F79C3008A4DCE /* Supporting Files */,
			);
			path = DemoProject;
			sourceTree = "<group>";
		};
		390EA10F1E3F79C3008A4DCE /* Supporting Files */ = {
			isa = PBXGroup;
			children = (
				390EA1101E3F79C3008A4DCE /* main.m */,
			);
			name = "Supporting Files";
			sourceTree = "<group>";
		};
/* End PBXGroup section */

/* Begin PBXNativeTarget section */
		390EA10B1E3F79C3008A4DCE /* DemoProject */ = {
			isa = PBXNativeTarget;
			buildConfigurationList = 390EA1231E3F79C3008A4DCE /* Build configuration list for PBXNativeTarget "DemoProject" */;
			buildPhases = (
				390EA1081E3F79C3008A4DCE /* Sources */,
				390EA1091E3F79C3008A4DCE /* Frameworks */,
				390EA10A1E3F79C3008A4DCE /* Resources */,
			);
			buildRules = (
			);
			dependencies = (
			);
			name = DemoProject;
			productName = DemoProject;
			productReference = 390EA10C1E3F79C3008A4DCE /* DemoProject.app */;
			productType = "com.apple.product-type.application";
		};
/* End PBXNativeTarget section */

/* Begin PBXProject section */
		390EA1041E3F79C3008A4DCE /* Project object */ = {
			isa = PBXProject;
			attributes = {
				LastUpgradeCheck = 0800;
				ORGANIZATIONNAME = sudheer;
				TargetAttributes = {
					390EA10B1E3F79C3008A4DCE = {
						CreatedOnToolsVersion = 8.0;
						ProvisioningStyle = Automatic;
					};
				};
			};
			buildConfigurationList = 390EA1071E3F79C3008A4DCE /* Build configuration list for PBXProject "DemoProject" */;
			compatibilityVersion = "Xcode 3.2";
			developmentRegion = English;
			hasScannedForEncodings = 0;
			knownRegions = (
				en,
				Base,
			);
			mainGroup = 390EA1031E3F79C3008A4DCE;
			productRefGroup = 390EA10D1E3F79C3008A4DCE /* Products */;
			projectDirPath = "";
			projectRoot = "";
			targets = (
				390EA10B1E3F79C3008A4DCE /* DemoProject */,
			);
		};
/* End PBXProject section */

/* Begin PBXResourcesBuildPhase section */
		390EA10A1E3F79C3008A4DCE /* Resources */ = {
			isa = PBXResourcesBuildPhase;
			buildActionMask = 2147483647;
			files = (
				390EA11F1E3F79C3008A4DCE /* LaunchScreen.storyboard in Resources */,
				390EA11C1E3F79C3008A4DCE /* Assets.xcassets in Resources */,
				390EA11A1E3F79C3008A4DCE /* Main.storyboard in Resources */,
			);
			runOnlyForDeploymentPostprocessing = 0;
		};
/* End PBXResourcesBuildPhase section */

/* Begin PBXSourcesBuildPhase section */
		390EA1081E3F79C3008A4DCE /* Sources */ = {
			isa = PBXSourcesBuildPhase;
			buildActionMask = 2147483647;
			files = (
				390EA1171E3F79C3008A4DCE /* ViewController.m in Sources */,
				390EA1141E3F79C3008A4DCE /* AppDelegate.m in Sources */,
				390EA1111E3F79C3008A4DCE /* main.m in Sources */,
			);
			runOnlyForDeploymentPostprocessing = 0;
		};
/* End PBXSourcesBuildPhase section */

/* Begin PBXVariantGroup section */
		390EA1181E3F79C3008A4DCE /* Main.storyboard */ = {
			isa = PBXVariantGroup;
			children = (
				390EA1191E3F79C3008A4DCE /* Base */,
			);
			name = Main.storyboard;
			sourceTree = "<group>";
		};
		390EA11D1E3F79C3008A4DCE /* LaunchScreen.storyboard */ = {
			isa = PBXVariantGroup;
			children = (
				390EA11E1E3F79C3008A4DCE /* Base */,
			);
			name = LaunchScreen.storyboard;
			sourceTree = "<group>";
		};
/* End PBXVariantGroup section */

/* Begin XCBuildConfiguration section */
		390EA1211E3F79C3008A4DCE /* Debug */ = {
			isa = XCBuildConfiguration;
			buildSettings = {
				ALWAYS_SEARCH_USER_PATHS = NO;
				CLANG_ANALYZER_NONNULL = YES;
				CLANG_CXX_LANGUAGE_STANDARD = "gnu++0x";
				CLANG_CXX_LIBRARY = "libc++";
				CLANG_ENABLE_MODULES = YES;
				CLANG_ENABLE_OBJC_ARC = YES;
				CLANG_WARN_BOOL_CONVERSION = YES;
				CLANG_WARN_CONSTANT_CONVERSION = YES;
				CLANG_WARN_DIRECT_OBJC_ISA_USAGE = YES_ERROR;
				CLANG_WARN_DOCUMENTATION_COMMENTS = YES;
				CLANG_WARN_EMPTY_BODY = YES;
				CLANG_WARN_ENUM_CONVERSION = YES;
				CLANG_WARN_INFINITE_RECURSION = YES;
				CLANG_WARN_INT_CONVERSION = YES;
				CLANG_WARN_OBJC_ROOT_CLASS = YES_ERROR;
				CLANG_WARN_SUSPICIOUS_MOVES = YES;
				CLANG_WARN_UNREACHABLE_CODE = YES;
				CLANG_WARN__DUPLICATE_METHOD_MATCH = YES;
				"CODE_SIGN_IDENTITY[sdk=iphoneos*]" = "iPhone Developer";
				COPY_PHASE_STRIP = NO;
				DEBUG_INFORMATION_FORMAT = dwarf;
				ENABLE_STRICT_OBJC_MSGSEND = YES;
				ENABLE_TESTABILITY = YES;
				GCC_C_LANGUAGE_STANDARD = gnu99;
				GCC_DYNAMIC_NO_PIC = NO;
				GCC_NO_COMMON_BLOCKS = YES;
				GCC_OPTIMIZATION_LEVEL = 0;
				GCC_PREPROCESSOR_DEFINITIONS = (
					"DEBUG=1",
					"$(inherited)",
				);
				GCC_WARN_64_TO_32_BIT_CONVERSION = YES;
				GCC_WARN_ABOUT_RETURN_TYPE = YES_ERROR;
				GCC_WARN_UNDECLARED_SELECTOR = YES;
				GCC_WARN_UNINITIALIZED_AUTOS = YES_AGGRESSIVE;
				GCC_WARN_UNUSED_FUNCTION = YES;
				GCC_WARN_UNUSED_VARIABLE = YES;
				IPHONEOS_DEPLOYMENT_TARGET = 10.0;
				MTL_ENABLE_DEBUG_INFO = YES;
				ONLY_ACTIVE_ARCH = YES;
				SDKROOT = iphoneos;
			};
			name = Debug;
		};
		390EA1221E3F79C3008A4DCE /* Release */ = {
			isa = XCBuildConfiguration;
			buildSettings = {
				ALWAYS_SEARCH_USER_PATHS = NO;
				CLANG_ANALYZER_NONNULL = YES;
				CLANG_CXX_LANGUAGE_STANDARD = "gnu++0x";
				CLANG_CXX_LIBRARY = "libc++";
				CLANG_ENABLE_MODULES = YES;
				CLANG_ENABLE_OBJC_ARC = YES;
				CLANG_WARN_BOOL_CONVERSION = YES;
				CLANG_WARN_CONSTANT_CONVERSION = YES;
				CLANG_WARN_DIRECT_OBJC_ISA_USAGE = YES_ERROR;
				CLANG_WARN_DOCUMENTATION_COMMENTS = YES;
				CLANG_WARN_EMPTY_BODY = YES;
				CLANG_WARN_ENUM_CONVERSION = YES;
				CLANG_WARN_INFINITE_RECURSION = YES;
				CLANG_WARN_INT_CONVERSION = YES;
				CLANG_WARN_OBJC_ROOT_CLASS = YES_ERROR;
				CLANG_WARN_SUSPICIOUS_MOVES = YES;
				CLANG_WARN_UNREACHABLE_CODE = YES;
				CLANG_WARN__DUPLICATE_METHOD_MATCH = YES;
				"CODE_SIGN_IDENTITY[sdk=iphoneos*]" = "iPhone Developer";
				COPY_PHASE_STRIP = NO;
				DEBUG_INFORMATION_FORMAT = "dwarf-with-dsym";
				ENABLE_NS_ASSERTIONS = NO;
				ENABLE_STRICT_OBJC_MSGSEND = YES;
				GCC_C_LANGUAGE_STANDARD = gnu99;
				GCC_NO_COMMON_BLOCKS = YES;
				GCC_WARN_64_TO_32_BIT_CONVERSION = YES;
				GCC_WARN_ABOUT_RETURN_TYPE = YES_ERROR;
				GCC_WARN_UNDECLARED_SELECTOR = YES;
				GCC_WARN_UNINITIALIZED_AUTOS = YES_AGGRESSIVE;
				GCC_WARN_UNUSED_FUNCTION = YES;
				GCC_WARN_UNUSED_VARIABLE = YES;
				IPHONEOS_DEPLOYMENT_TARGET = 10.0;
				MTL_ENABLE_DEBUG_INFO = NO;
				SDKROOT = iphoneos;
				VALIDATE_PRODUCT = YES;
			};
			name = Release;
		};
		390EA1241E3F79C3008A4DCE /* Debug */ = {
			isa = XCBuildConfiguration;
			buildSettings = {
				ASSETCATALOG_COMPILER_APPICON_NAME = AppIcon;
				INFOPLIST_FILE = DemoProject/Info.plist;
				LD_RUNPATH_SEARCH_PATHS = "$(inherited) @executable_path/Frameworks";
				PRODUCT_BUNDLE_IDENTIFIER = com.sudheer.DemoProject;
				PRODUCT_NAME = "$(TARGET_NAME)";
			};
			name = Debug;
		};
		390EA1251E3F79C3008A4DCE /* Release */ = {
			isa = XCBuildConfiguration;
			buildSettings = {
				ASSETCATALOG_COMPILER_APPICON_NAME = AppIcon;
				INFOPLIST_FILE = DemoProject/Info.plist;
				LD_RUNPATH_SEARCH_PATHS = "$(inherited) @executable_path/Frameworks";
				PRODUCT_BUNDLE_IDENTIFIER = com.sudheer.DemoProject;
				PRODUCT_NAME = "$(TARGET_NAME)";
			};
			name = Release;
		};
/* End XCBuildConfiguration section */

/* Begin XCConfigurationList section */
		390EA1071E3F79C3008A4DCE /* Build configuration list for PBXProject "DemoProject" */ = {
			isa = XCConfigurationList;
			buildConfigurations = (
				390EA1211E3F79C3008A4DCE /* Debug */,
				390EA1221E3F79C3008A4DCE /* Release */,
			);
			defaultConfigurationIsVisible = 0;
			defaultConfigurationName = Release;
		};
		390EA1231E3F79C3008A4DCE /* Build configuration list for PBXNativeTarget "DemoProject" */ = {
			isa = XCConfigurationList;
			buildConfigurations = (
				390EA1241E3F79C3008A4DCE /* Debug */,
				390EA1251E3F79C3008A4DCE /* Release */,
			);
			defaultConfigurationIsVisible = 0;
		};
/* End XCConfigurationList section */
	};
	rootObject = 390EA1041E3F79C3008A4DCE /* Project object */;
}
